
Microsoft Visual Studio Solution File, Format Version 12.00
# Visual Studio Version 17
VisualStudioVersion = 17.4.33213.308
MinimumVisualStudioVersion = 10.0.40219.1
Project("{FAE04EC0-301F-11D3-BF4B-00C04F79EFBC}") = "AprendendoGit", "AprendendoGit.csproj", "{A1F23A3F-96FD-4BFC-A6BA-936B40FD79B7}"
EndProject
Global
	GlobalSection(SolutionConfigurationPlatforms) = preSolution
		Debug|Any CPU = Debug|Any CPU
		Release|Any CPU = Release|Any CPU
	EndGlobalSection
	GlobalSection(ProjectConfigurationPlatforms) = postSolution
		{A1F23A3F-96FD-4BFC-A6BA-936B40FD79B7}.Debug|Any CPU.ActiveCfg = Debug|Any CPU
		{A1F23A3F-96FD-4BFC-A6BA-936B40FD79B7}.Debug|Any CPU.Build.0 = Debug|Any CPU
		{A1F23A3F-96FD-4BFC-A6BA-936B40FD79B7}.Release|Any CPU.ActiveCfg = Release|Any CPU
		{A1F23A3F-96FD-4BFC-A6BA-936B40FD79B7}.Release|Any CPU.Build.0 = Release|Any CPU
	EndGlobalSection
	GlobalSection(SolutionProperties) = preSolution
		HideSolutionNode = FALSE
	EndGlobalSection
	GlobalSection(ExtensibilityGlobals) = postSolution
		SolutionGuid = {8BEF1964-17A1-4020-B8D5-6E00EA21BC14}
	EndGlobalSection
EndGlobal
